// !$*UTF8*$!
{
	archiveVersion = 1;
	classes = {
	};
	objectVersion = 46;
	objects = {

/* Begin PBXBuildFile section */
		085C144F1B10BCAB004D5FC8 /* FaceView.swift in Sources */ = {isa = PBXBuildFile; fileRef = 085C144D1B10BCAB004D5FC8 /* FaceView.swift */; };
		085C14501B10BCAB004D5FC8 /* HappinessViewController.swift in Sources */ = {isa = PBXBuildFile; fileRef = 085C144E1B10BCAB004D5FC8 /* HappinessViewController.swift */; };
		08D02B0F1B108D69002B76E0 /* AppDelegate.swift in Sources */ = {isa = PBXBuildFile; fileRef = 08D02B0E1B108D69002B76E0 /* AppDelegate.swift */; };
		08D02B111B108D69002B76E0 /* PsychologistViewController.swift in Sources */ = {isa = PBXBuildFile; fileRef = 08D02B101B108D69002B76E0 /* PsychologistViewController.swift */; };
		08D02B141B108D69002B76E0 /* Main.storyboard in Resources */ = {isa = PBXBuildFile; fileRef = 08D02B121B108D69002B76E0 /* Main.storyboard */; };
		08D02B161B108D69002B76E0 /* Images.xcassets in Resources */ = {isa = PBXBuildFile; fileRef = 08D02B151B108D69002B76E0 /* Images.xcassets */; };
		08D02B191B108D69002B76E0 /* LaunchScreen.xib in Resources */ = {isa = PBXBuildFile; fileRef = 08D02B171B108D69002B76E0 /* LaunchScreen.xib */; };
		08D02B251B108D69002B76E0 /* PsychologistTests.swift in Sources */ = {isa = PBXBuildFile; fileRef = 08D02B241B108D69002B76E0 /* PsychologistTests.swift */; };
/* End PBXBuildFile section */

/* Begin PBXContainerItemProxy section */
		08D02B1F1B108D69002B76E0 /* PBXContainerItemProxy */ = {
			isa = PBXContainerItemProxy;
			containerPortal = 08D02B011B108D69002B76E0 /* Project object */;
			proxyType = 1;
			remoteGlobalIDString = 08D02B081B108D69002B76E0;
			remoteInfo = Psychologist;
		};
/* End PBXContainerItemProxy section */

/* Begin PBXFileReference section */
		085C144D1B10BCAB004D5FC8 /* FaceView.swift */ = {isa = PBXFileReference; fileEncoding = 4; lastKnownFileType = sourcecode.swift; path = FaceView.swift; sourceTree = "<group>"; };
		085C144E1B10BCAB004D5FC8 /* HappinessViewController.swift */ = {isa = PBXFileReference; fileEncoding = 4; lastKnownFileType = sourcecode.swift; path = HappinessViewController.swift; sourceTree = "<group>"; };
		08D02B091B108D69002B76E0 /* Psychologist.app */ = {isa = PBXFileReference; explicitFileType = wrapper.application; includeInIndex = 0; path = Psychologist.app; sourceTree = BUILT_PRODUCTS_DIR; };
		08D02B0D1B108D69002B76E0 /* Info.plist */ = {isa = PBXFileReference; lastKnownFileType = text.plist.xml; path = Info.plist; sourceTree = "<group>"; };
		08D02B0E1B108D69002B76E0 /* AppDelegate.swift */ = {isa = PBXFileReference; lastKnownFileType = sourcecode.swift; path = AppDelegate.swift; sourceTree = "<group>"; };
		08D02B101B108D69002B76E0 /* PsychologistViewController.swift */ = {isa = PBXFileReference; lastKnownFileType = sourcecode.swift; path = PsychologistViewController.swift; sourceTree = "<group>"; };
		08D02B131B108D69002B76E0 /* Base */ = {isa = PBXFileReference; lastKnownFileType = file.storyboard; name = Base; path = Base.lproj/Main.storyboard; sourceTree = "<group>"; };
		08D02B151B108D69002B76E0 /* Images.xcassets */ = {isa = PBXFileReference; lastKnownFileType = folder.assetcatalog; path = Images.xcassets; sourceTree = "<group>"; };
		08D02B181B108D69002B76E0 /* Base */ = {isa = PBXFileReference; lastKnownFileType = file.xib; name = Base; path = Base.lproj/LaunchScreen.xib; sourceTree = "<group>"; };
		08D02B1E1B108D69002B76E0 /* PsychologistTests.xctest */ = {isa = PBXFileReference; explicitFileType = wrapper.cfbundle; includeInIndex = 0; path = PsychologistTests.xctest; sourceTree = BUILT_PRODUCTS_DIR; };
		08D02B231B108D69002B76E0 /* Info.plist */ = {isa = PBXFileReference; lastKnownFileType = text.plist.xml; path = Info.plist; sourceTree = "<group>"; };
		08D02B241B108D69002B76E0 /* PsychologistTests.swift */ = {isa = PBXFileReference; lastKnownFileType = sourcecode.swift; path = PsychologistTests.swift; sourceTree = "<group>"; };
/* End PBXFileReference section */

/* Begin PBXFrameworksBuildPhase section */
		08D02B061B108D69002B76E0 /* Frameworks */ = {
			isa = PBXFrameworksBuildPhase;
			buildActionMask = 2147483647;
			files = (
			);
			runOnlyForDeploymentPostprocessing = 0;
		};
		08D02B1B1B108D69002B76E0 /* Frameworks */ = {
			isa = PBXFrameworksBuildPhase;
			buildActionMask = 2147483647;
			files = (
			);
			runOnlyForDeploymentPostprocessing = 0;
		};
/* End PBXFrameworksBuildPhase section */

/* Begin PBXGroup section */
		08D02B001B108D69002B76E0 = {
			isa = PBXGroup;
			children = (
				08D02B0B1B108D69002B76E0 /* Psychologist */,
				08D02B211B108D69002B76E0 /* PsychologistTests */,
				08D02B0A1B108D69002B76E0 /* Products */,
			);
			sourceTree = "<group>";
		};
		08D02B0A1B108D69002B76E0 /* Products */ = {
			isa = PBXGroup;
			children = (
				08D02B091B108D69002B76E0 /* Psychologist.app */,
				08D02B1E1B108D69002B76E0 /* PsychologistTests.xctest */,
			);
			name = Products;
			sourceTree = "<group>";
		};
		08D02B0B1B108D69002B76E0 /* Psychologist */ = {
			isa = PBXGroup;
			children = (
				08D02B121B108D69002B76E0 /* Main.storyboard */,
				08D02B101B108D69002B76E0 /* PsychologistViewController.swift */,
				085C144D1B10BCAB004D5FC8 /* FaceView.swift */,
				085C144E1B10BCAB004D5FC8 /* HappinessViewController.swift */,
				08D02B0C1B108D69002B76E0 /* Supporting Files */,
			);
			path = Psychologist;
			sourceTree = "<group>";
		};
		08D02B0C1B108D69002B76E0 /* Supporting Files */ = {
			isa = PBXGroup;
			children = (
				08D02B0E1B108D69002B76E0 /* AppDelegate.swift */,
				08D02B151B108D69002B76E0 /* Images.xcassets */,
				08D02B171B108D69002B76E0 /* LaunchScreen.xib */,
				08D02B0D1B108D69002B76E0 /* Info.plist */,
			);
			name = "Supporting Files";
			sourceTree = "<group>";
		};
		08D02B211B108D69002B76E0 /* PsychologistTests */ = {
			isa = PBXGroup;
			children = (
				08D02B241B108D69002B76E0 /* PsychologistTests.swift */,
				08D02B221B108D69002B76E0 /* Supporting Files */,
			);
			path = PsychologistTests;
			sourceTree = "<group>";
		};
		08D02B221B108D69002B76E0 /* Supporting Files */ = {
			isa = PBXGroup;
			children = (
				08D02B231B108D69002B76E0 /* Info.plist */,
			);
			name = "Supporting Files";
			sourceTree = "<group>";
		};
/* End PBXGroup section */

/* Begin PBXNativeTarget section */
		08D02B081B108D69002B76E0 /* Psychologist */ = {
			isa = PBXNativeTarget;
			buildConfigurationList = 08D02B281B108D69002B76E0 /* Build configuration list for PBXNativeTarget "Psychologist" */;
			buildPhases = (
				08D02B051B108D69002B76E0 /* Sources */,
				08D02B061B108D69002B76E0 /* Frameworks */,
				08D02B071B108D69002B76E0 /* Resources */,
			);
			buildRules = (
			);
			dependencies = (
			);
			name = Psychologist;
			productName = Psychologist;
			productReference = 08D02B091B108D69002B76E0 /* Psychologist.app */;
			productType = "com.apple.product-type.application";
		};
		08D02B1D1B108D69002B76E0 /* PsychologistTests */ = {
			isa = PBXNativeTarget;
			buildConfigurationList = 08D02B2B1B108D69002B76E0 /* Build configuration list for PBXNativeTarget "PsychologistTests" */;
			buildPhases = (
				08D02B1A1B108D69002B76E0 /* Sources */,
				08D02B1B1B108D69002B76E0 /* Frameworks */,
				08D02B1C1B108D69002B76E0 /* Resources */,
			);
			buildRules = (
			);
			dependencies = (
				08D02B201B108D69002B76E0 /* PBXTargetDependency */,
			);
			name = PsychologistTests;
			productName = PsychologistTests;
			productReference = 08D02B1E1B108D69002B76E0 /* PsychologistTests.xctest */;
			productType = "com.apple.product-type.bundle.unit-test";
		};
/* End PBXNativeTarget section */

/* Begin PBXProject section */
		08D02B011B108D69002B76E0 /* Project object */ = {
			isa = PBXProject;
			attributes = {
				LastUpgradeCheck = 0630;
				ORGANIZATIONNAME = "GN ReSound";
				TargetAttributes = {
					08D02B081B108D69002B76E0 = {
						CreatedOnToolsVersion = 6.3.2;
					};
					08D02B1D1B108D69002B76E0 = {
						CreatedOnToolsVersion = 6.3.2;
						TestTargetID = 08D02B081B108D69002B76E0;
					};
				};
			};
			buildConfigurationList = 08D02B041B108D69002B76E0 /* Build configuration list for PBXProject "Psychologist" */;
			compatibilityVersion = "Xcode 3.2";
			developmentRegion = English;
			hasScannedForEncodings = 0;
			knownRegions = (
				en,
				Base,
			);
			mainGroup = 08D02B001B108D69002B76E0;
			productRefGroup = 08D02B0A1B108D69002B76E0 /* Products */;
			projectDirPath = "";
			projectRoot = "";
			targets = (
				08D02B081B108D69002B76E0 /* Psychologist */,
				08D02B1D1B108D69002B76E0 /* PsychologistTests */,
			);
		};
/* End PBXProject section */

/* Begin PBXResourcesBuildPhase section */
		08D02B071B108D69002B76E0 /* Resources */ = {
			isa = PBXResourcesBuildPhase;
			buildActionMask = 2147483647;
			files = (
				08D02B141B108D69002B76E0 /* Main.storyboard in Resources */,
				08D02B191B108D69002B76E0 /* LaunchScreen.xib in Resources */,
				08D02B161B108D69002B76E0 /* Images.xcassets in Resources */,
			);
			runOnlyForDeploymentPostprocessing = 0;
		};
		08D02B1C1B108D69002B76E0 /* Resources */ = {
			isa = PBXResourcesBuildPhase;
			buildActionMask = 2147483647;
			files = (
			);
			runOnlyForDeploymentPostprocessing = 0;
		};
/* End PBXResourcesBuildPhase section */

/* Begin PBXSourcesBuildPhase section */
		08D02B051B108D69002B76E0 /* Sources */ = {
			isa = PBXSourcesBuildPhase;
			buildActionMask = 2147483647;
			files = (
				08D02B111B108D69002B76E0 /* PsychologistViewController.swift in Sources */,
				08D02B0F1B108D69002B76E0 /* AppDelegate.swift in Sources */,
				085C14501B10BCAB004D5FC8 /* HappinessViewController.swift in Sources */,
				085C144F1B10BCAB004D5FC8 /* FaceView.swift in Sources */,
			);
			runOnlyForDeploymentPostprocessing = 0;
		};
		08D02B1A1B108D69002B76E0 /* Sources */ = {
			isa = PBXSourcesBuildPhase;
			buildActionMask = 2147483647;
			files = (
				08D02B251B108D69002B76E0 /* PsychologistTests.swift in Sources */,
			);
			runOnlyForDeploymentPostprocessing = 0;
		};
/* End PBXSourcesBuildPhase section */

/* Begin PBXTargetDependency section */
		08D02B201B108D69002B76E0 /* PBXTargetDependency */ = {
			isa = PBXTargetDependency;
			target = 08D02B081B108D69002B76E0 /* Psychologist */;
			targetProxy = 08D02B1F1B108D69002B76E0 /* PBXContainerItemProxy */;
		};
/* End PBXTargetDependency section */

/* Begin PBXVariantGroup section */
		08D02B121B108D69002B76E0 /* Main.storyboard */ = {
			isa = PBXVariantGroup;
			children = (
				08D02B131B108D69002B76E0 /* Base */,
			);
			name = Main.storyboard;
			sourceTree = "<group>";
		};
		08D02B171B108D69002B76E0 /* LaunchScreen.xib */ = {
			isa = PBXVariantGroup;
			children = (
				08D02B181B108D69002B76E0 /* Base */,
			);
			name = LaunchScreen.xib;
			sourceTree = "<group>";
		};
/* End PBXVariantGroup section */

/* Begin XCBuildConfiguration section */
		08D02B261B108D69002B76E0 /* Debug */ = {
			isa = XCBuildConfiguration;
			buildSettings = {
				ALWAYS_SEARCH_USER_PATHS = NO;
				CLANG_CXX_LANGUAGE_STANDARD = "gnu++0x";
				CLANG_CXX_LIBRARY = "libc++";
				CLANG_ENABLE_MODULES = YES;
				CLANG_ENABLE_OBJC_ARC = YES;
				CLANG_WARN_BOOL_CONVERSION = YES;
				CLANG_WARN_CONSTANT_CONVERSION = YES;
				CLANG_WARN_DIRECT_OBJC_ISA_USAGE = YES_ERROR;
				CLANG_WARN_EMPTY_BODY = YES;
				CLANG_WARN_ENUM_CONVERSION = YES;
				CLANG_WARN_INT_CONVERSION = YES;
				CLANG_WARN_OBJC_ROOT_CLASS = YES_ERROR;
				CLANG_WARN_UNREACHABLE_CODE = YES;
				CLANG_WARN__DUPLICATE_METHOD_MATCH = YES;
				"CODE_SIGN_IDENTITY[sdk=iphoneos*]" = "iPhone Developer";
				COPY_PHASE_STRIP = NO;
				DEBUG_INFORMATION_FORMAT = "dwarf-with-dsym";
				ENABLE_STRICT_OBJC_MSGSEND = YES;
				GCC_C_LANGUAGE_STANDARD = gnu99;
				GCC_DYNAMIC_NO_PIC = NO;
				GCC_NO_COMMON_BLOCKS = YES;
				GCC_OPTIMIZATION_LEVEL = 0;
				GCC_PREPROCESSOR_DEFINITIONS = (
					"DEBUG=1",
					"$(inherited)",
				);
				GCC_SYMBOLS_PRIVATE_EXTERN = NO;
				GCC_WARN_64_TO_32_BIT_CONVERSION = YES;
				GCC_WARN_ABOUT_RETURN_TYPE = YES_ERROR;
				GCC_WARN_UNDECLARED_SELECTOR = YES;
				GCC_WARN_UNINITIALIZED_AUTOS = YES_AGGRESSIVE;
				GCC_WARN_UNUSED_FUNCTION = YES;
				GCC_WARN_UNUSED_VARIABLE = YES;
				IPHONEOS_DEPLOYMENT_TARGET = 8.3;
				MTL_ENABLE_DEBUG_INFO = YES;
				ONLY_ACTIVE_ARCH = YES;
				SDKROOT = iphoneos;
				SWIFT_OPTIMIZATION_LEVEL = "-Onone";
				TARGETED_DEVICE_FAMILY = "1,2";
			};
			name = Debug;
		};
		08D02B271B108D69002B76E0 /* Release */ = {
			isa = XCBuildConfiguration;
			buildSettings = {
				ALWAYS_SEARCH_USER_PATHS = NO;
				CLANG_CXX_LANGUAGE_STANDARD = "gnu++0x";
				CLANG_CXX_LIBRARY = "libc++";
				CLANG_ENABLE_MODULES = YES;
				CLANG_ENABLE_OBJC_ARC = YES;
				CLANG_WARN_BOOL_CONVERSION = YES;
				CLANG_WARN_CONSTANT_CONVERSION = YES;
				CLANG_WARN_DIRECT_OBJC_ISA_USAGE = YES_ERROR;
				CLANG_WARN_EMPTY_BODY = YES;
				CLANG_WARN_ENUM_CONVERSION = YES;
				CLANG_WARN_INT_CONVERSION = YES;
				CLANG_WARN_OBJC_ROOT_CLASS = YES_ERROR;
				CLANG_WARN_UNREACHABLE_CODE = YES;
				CLANG_WARN__DUPLICATE_METHOD_MATCH = YES;
				"CODE_SIGN_IDENTITY[sdk=iphoneos*]" = "iPhone Developer";
				COPY_PHASE_STRIP = NO;
				DEBUG_INFORMATION_FORMAT = "dwarf-with-dsym";
				ENABLE_NS_ASSERTIONS = NO;
				ENABLE_STRICT_OBJC_MSGSEND = YES;
				GCC_C_LANGUAGE_STANDARD = gnu99;
				GCC_NO_COMMON_BLOCKS = YES;
				GCC_WARN_64_TO_32_BIT_CONVERSION = YES;
				GCC_WARN_ABOUT_RETURN_TYPE = YES_ERROR;
				GCC_WARN_UNDECLARED_SELECTOR = YES;
				GCC_WARN_UNINITIALIZED_AUTOS = YES_AGGRESSIVE;
				GCC_WARN_UNUSED_FUNCTION = YES;
				GCC_WARN_UNUSED_VARIABLE = YES;
				IPHONEOS_DEPLOYMENT_TARGET = 8.3;
				MTL_ENABLE_DEBUG_INFO = NO;
				SDKROOT = iphoneos;
				TARGETED_DEVICE_FAMILY = "1,2";
				VALIDATE_PRODUCT = YES;
			};
			name = Release;
		};
		08D02B291B108D69002B76E0 /* Debug */ = {
			isa = XCBuildConfiguration;
			buildSettings = {
				ASSETCATALOG_COMPILER_APPICON_NAME = AppIcon;
				INFOPLIST_FILE = Psychologist/Info.plist;
				LD_RUNPATH_SEARCH_PATHS = "$(inherited) @executable_path/Frameworks";
				PRODUCT_NAME = "$(TARGET_NAME)";
			};
			name = Debug;
		};
		08D02B2A1B108D69002B76E0 /* Release */ = {
			isa = XCBuildConfiguration;
			buildSettings = {
				ASSETCATALOG_COMPILER_APPICON_NAME = AppIcon;
				INFOPLIST_FILE = Psychologist/Info.plist;
				LD_RUNPATH_SEARCH_PATHS = "$(inherited) @executable_path/Frameworks";
				PRODUCT_NAME = "$(TARGET_NAME)";
			};
			name = Release;
		};
		08D02B2C1B108D69002B76E0 /* Debug */ = {
			isa = XCBuildConfiguration;
			buildSettings = {
				BUNDLE_LOADER = "$(TEST_HOST)";
				FRAMEWORK_SEARCH_PATHS = (
					"$(SDKROOT)/Developer/Library/Frameworks",
					"$(inherited)",
				);
				GCC_PREPROCESSOR_DEFINITIONS = (
					"DEBUG=1",
					"$(inherited)",
				);
				INFOPLIST_FILE = PsychologistTests/Info.plist;
				LD_RUNPATH_SEARCH_PATHS = "$(inherited) @executable_path/Frameworks @loader_path/Frameworks";
				PRODUCT_NAME = "$(TARGET_NAME)";
				TEST_HOST = "$(BUILT_PRODUCTS_DIR)/Psychologist.app/Psychologist";
			};
			name = Debug;
		};
		08D02B2D1B108D69002B76E0 /* Release */ = {
			isa = XCBuildConfiguration;
			buildSettings = {
				BUNDLE_LOADER = "$(TEST_HOST)";
				FRAMEWORK_SEARCH_PATHS = (
					"$(SDKROOT)/Developer/Library/Frameworks",
					"$(inherited)",
				);
				INFOPLIST_FILE = PsychologistTests/Info.plist;
				LD_RUNPATH_SEARCH_PATHS = "$(inherited) @executable_path/Frameworks @loader_path/Frameworks";
				PRODUCT_NAME = "$(TARGET_NAME)";
				TEST_HOST = "$(BUILT_PRODUCTS_DIR)/Psychologist.app/Psychologist";
			};
			name = Release;
		};
/* End XCBuildConfiguration section */

/* Begin XCConfigurationList section */
		08D02B041B108D69002B76E0 /* Build configuration list for PBXProject "Psychologist" */ = {
			isa = XCConfigurationList;
			buildConfigurations = (
				08D02B261B108D69002B76E0 /* Debug */,
				08D02B271B108D69002B76E0 /* Release */,
			);
			defaultConfigurationIsVisible = 0;
			defaultConfigurationName = Release;
		};
		08D02B281B108D69002B76E0 /* Build configuration list for PBXNativeTarget "Psychologist" */ = {
			isa = XCConfigurationList;
			buildConfigurations = (
				08D02B291B108D69002B76E0 /* Debug */,
				08D02B2A1B108D69002B76E0 /* Release */,
			);
			defaultConfigurationIsVisible = 0;
			defaultConfigurationName = Release;
		};
		08D02B2B1B108D69002B76E0 /* Build configuration list for PBXNativeTarget "PsychologistTests" */ = {
			isa = XCConfigurationList;
			buildConfigurations = (
				08D02B2C1B108D69002B76E0 /* Debug */,
				08D02B2D1B108D69002B76E0 /* Release */,
			);
			defaultConfigurationIsVisible = 0;
			defaultConfigurationName = Release;
		};
/* End XCConfigurationList section */
	};
	rootObject = 08D02B011B108D69002B76E0 /* Project object */;
}
